
Microsoft Visual Studio Solution File, Format Version 12.00
# Visual Studio Version 16
VisualStudioVersion = 16.0.31702.278
MinimumVisualStudioVersion = 10.0.40219.1
Project("{FAE04EC0-301F-11D3-BF4B-00C04F79EFBC}") = "CIRCUS_MES", "CIRCUS_MES.csproj", "{9212B5AD-A464-41F0-88EF-86116B970AF6}"
EndProject
Global
	GlobalSection(SolutionConfigurationPlatforms) = preSolution
		Debug|Any CPU = Debug|Any CPU
		Release|Any CPU = Release|Any CPU
	EndGlobalSection
	GlobalSection(ProjectConfigurationPlatforms) = postSolution
		{9212B5AD-A464-41F0-88EF-86116B970AF6}.Debug|Any CPU.ActiveCfg = Debug|Any CPU
		{9212B5AD-A464-41F0-88EF-86116B970AF6}.Debug|Any CPU.Build.0 = Debug|Any CPU
		{9212B5AD-A464-41F0-88EF-86116B970AF6}.Release|Any CPU.ActiveCfg = Release|Any CPU
		{9212B5AD-A464-41F0-88EF-86116B970AF6}.Release|Any CPU.Build.0 = Release|Any CPU
	EndGlobalSection
	GlobalSection(SolutionProperties) = preSolution
		HideSolutionNode = FALSE
	EndGlobalSection
	GlobalSection(ExtensibilityGlobals) = postSolution
		SolutionGuid = {804ACB26-DC8B-4174-B151-0846CC14642D}
	EndGlobalSection
EndGlobal
